{
  "originHash" : "11ffafe7fbbb802433db09d6b6d1a2389c612dd2ce28476f6032e5226a9b537c",
  "pins" : [
    {
      "identity" : "cmdarglibcore",
      "kind" : "remoteSourceControl",
      "location" : "https://github.com/ouser4629/CmdArgLibCore.git",
      "state" : {
        "branch" : "main",
        "revision" : "4cf3878d78e8f9ad2a62704d3535dd47cf3166d3"
      }
    },
    {
      "identity" : "cmdarglibhelpscreen",
      "kind" : "remoteSourceControl",
      "location" : "https://github.com/ouser4629/CmdArgLibHelpScreen.git",
      "state" : {
        "branch" : "main",
        "revision" : "90c41642a43bf0cf79a81acb74cfee4e65940baf"
      }
    },
    {
      "identity" : "cmdarglibmacros",
      "kind" : "remoteSourceControl",
      "location" : "https://github.com/ouser4629/CmdArgLibMacros.git",
      "state" : {
        "branch" : "main",
        "revision" : "4f0ddabc32fec22c351033fa8b9f19d2cb7ebe66"
      }
    },
    {
      "identity" : "swift-syntax",
      "kind" : "remoteSourceControl",
      "location" : "https://github.com/swiftlang/swift-syntax.git",
      "state" : {
        "revision" : "4799286537280063c85a32f09884cfbca301b1a1",
        "version" : "602.0.0"
      }
    }
  ],
  "version" : 3
}
